// !$*UTF8*$!
{
	archiveVersion = 1;
	classes = {
	};
	objectVersion = 50;
	objects = {

/* Begin PBXBuildFile section */
		453FCAC92583AD6900BB415C /* AppDelegate.m in Sources */ = {isa = PBXBuildFile; fileRef = 453FCAC82583AD6900BB415C /* AppDelegate.m */; };
		453FCAD22583AD6900BB415C /* Main.storyboard in Resources */ = {isa = PBXBuildFile; fileRef = 453FCAD02583AD6900BB415C /* Main.storyboard */; };
		453FCAD42583AD6B00BB415C /* Assets.xcassets in Resources */ = {isa = PBXBuildFile; fileRef = 453FCAD32583AD6B00BB415C /* Assets.xcassets */; };
		453FCAD72583AD6B00BB415C /* LaunchScreen.storyboard in Resources */ = {isa = PBXBuildFile; fileRef = 453FCAD52583AD6B00BB415C /* LaunchScreen.storyboard */; };
		453FCADA2583AD6B00BB415C /* main.m in Sources */ = {isa = PBXBuildFile; fileRef = 453FCAD92583AD6B00BB415C /* main.m */; };
		455F447925B310F30043CB20 /* OpenGLViewController.m in Sources */ = {isa = PBXBuildFile; fileRef = 455F447825B310F30043CB20 /* OpenGLViewController.m */; };
		455F448525B311670043CB20 /* rectangle.fs in Resources */ = {isa = PBXBuildFile; fileRef = 455F447E25B311670043CB20 /* rectangle.fs */; };
		455F448725B311670043CB20 /* rectangle.vs in Resources */ = {isa = PBXBuildFile; fileRef = 455F448025B311670043CB20 /* rectangle.vs */; };
		455F448825B311670043CB20 /* ZFShader.m in Sources */ = {isa = PBXBuildFile; fileRef = 455F448325B311670043CB20 /* ZFShader.m */; };
		455F448C25B3196A0043CB20 /* flower.jpg in Resources */ = {isa = PBXBuildFile; fileRef = 455F448B25B3196A0043CB20 /* flower.jpg */; };
/* End PBXBuildFile section */

/* Begin PBXFileReference section */
		453FCAC42583AD6900BB415C /* OpenGL004.app */ = {isa = PBXFileReference; explicitFileType = wrapper.application; includeInIndex = 0; path = OpenGL004.app; sourceTree = BUILT_PRODUCTS_DIR; };
		453FCAC72583AD6900BB415C /* AppDelegate.h */ = {isa = PBXFileReference; lastKnownFileType = sourcecode.c.h; path = AppDelegate.h; sourceTree = "<group>"; };
		453FCAC82583AD6900BB415C /* AppDelegate.m */ = {isa = PBXFileReference; lastKnownFileType = sourcecode.c.objc; path = AppDelegate.m; sourceTree = "<group>"; };
		453FCAD12583AD6900BB415C /* Base */ = {isa = PBXFileReference; lastKnownFileType = file.storyboard; name = Base; path = Base.lproj/Main.storyboard; sourceTree = "<group>"; };
		453FCAD32583AD6B00BB415C /* Assets.xcassets */ = {isa = PBXFileReference; lastKnownFileType = folder.assetcatalog; path = Assets.xcassets; sourceTree = "<group>"; };
		453FCAD62583AD6B00BB415C /* Base */ = {isa = PBXFileReference; lastKnownFileType = file.storyboard; name = Base; path = Base.lproj/LaunchScreen.storyboard; sourceTree = "<group>"; };
		453FCAD82583AD6B00BB415C /* Info.plist */ = {isa = PBXFileReference; lastKnownFileType = text.plist.xml; path = Info.plist; sourceTree = "<group>"; };
		453FCAD92583AD6B00BB415C /* main.m */ = {isa = PBXFileReference; lastKnownFileType = sourcecode.c.objc; path = main.m; sourceTree = "<group>"; };
		455F447725B310F30043CB20 /* OpenGLViewController.h */ = {isa = PBXFileReference; fileEncoding = 4; lastKnownFileType = sourcecode.c.h; path = OpenGLViewController.h; sourceTree = "<group>"; };
		455F447825B310F30043CB20 /* OpenGLViewController.m */ = {isa = PBXFileReference; fileEncoding = 4; lastKnownFileType = sourcecode.c.objc; path = OpenGLViewController.m; sourceTree = "<group>"; };
		455F447E25B311670043CB20 /* rectangle.fs */ = {isa = PBXFileReference; fileEncoding = 4; lastKnownFileType = sourcecode.glsl; path = rectangle.fs; sourceTree = "<group>"; };
		455F448025B311670043CB20 /* rectangle.vs */ = {isa = PBXFileReference; fileEncoding = 4; lastKnownFileType = sourcecode.glsl; path = rectangle.vs; sourceTree = "<group>"; };
		455F448225B311670043CB20 /* ZFShader.h */ = {isa = PBXFileReference; fileEncoding = 4; lastKnownFileType = sourcecode.c.h; path = ZFShader.h; sourceTree = "<group>"; };
		455F448325B311670043CB20 /* ZFShader.m */ = {isa = PBXFileReference; fileEncoding = 4; lastKnownFileType = sourcecode.c.objc; path = ZFShader.m; sourceTree = "<group>"; };
		455F448B25B3196A0043CB20 /* flower.jpg */ = {isa = PBXFileReference; lastKnownFileType = image.jpeg; path = flower.jpg; sourceTree = "<group>"; };
/* End PBXFileReference section */

/* Begin PBXFrameworksBuildPhase section */
		453FCAC12583AD6900BB415C /* Frameworks */ = {
			isa = PBXFrameworksBuildPhase;
			buildActionMask = 2147483647;
			files = (
			);
			runOnlyForDeploymentPostprocessing = 0;
		};
/* End PBXFrameworksBuildPhase section */

/* Begin PBXGroup section */
		453FCABB2583AD6900BB415C = {
			isa = PBXGroup;
			children = (
				453FCAC62583AD6900BB415C /* OpenGL004 */,
				453FCAC52583AD6900BB415C /* Products */,
			);
			sourceTree = "<group>";
		};
		453FCAC52583AD6900BB415C /* Products */ = {
			isa = PBXGroup;
			children = (
				453FCAC42583AD6900BB415C /* OpenGL004.app */,
			);
			name = Products;
			sourceTree = "<group>";
		};
		453FCAC62583AD6900BB415C /* OpenGL004 */ = {
			isa = PBXGroup;
			children = (
				455F448A25B311BF0043CB20 /* Textures */,
				455F447C25B311670043CB20 /* Shaders */,
				455F448125B311670043CB20 /* Utils */,
				455F447725B310F30043CB20 /* OpenGLViewController.h */,
				455F447825B310F30043CB20 /* OpenGLViewController.m */,
				453FCAC72583AD6900BB415C /* AppDelegate.h */,
				453FCAC82583AD6900BB415C /* AppDelegate.m */,
				453FCAD02583AD6900BB415C /* Main.storyboard */,
				453FCAD32583AD6B00BB415C /* Assets.xcassets */,
				453FCAD52583AD6B00BB415C /* LaunchScreen.storyboard */,
				453FCAD82583AD6B00BB415C /* Info.plist */,
				453FCAD92583AD6B00BB415C /* main.m */,
			);
			path = OpenGL004;
			sourceTree = "<group>";
		};
		455F447C25B311670043CB20 /* Shaders */ = {
			isa = PBXGroup;
			children = (
				455F447E25B311670043CB20 /* rectangle.fs */,
				455F448025B311670043CB20 /* rectangle.vs */,
			);
			path = Shaders;
			sourceTree = "<group>";
		};
		455F448125B311670043CB20 /* Utils */ = {
			isa = PBXGroup;
			children = (
				455F448225B311670043CB20 /* ZFShader.h */,
				455F448325B311670043CB20 /* ZFShader.m */,
			);
			path = Utils;
			sourceTree = "<group>";
		};
		455F448A25B311BF0043CB20 /* Textures */ = {
			isa = PBXGroup;
			children = (
				455F448B25B3196A0043CB20 /* flower.jpg */,
			);
			path = Textures;
			sourceTree = "<group>";
		};
/* End PBXGroup section */

/* Begin PBXNativeTarget section */
		453FCAC32583AD6900BB415C /* OpenGL004 */ = {
			isa = PBXNativeTarget;
			buildConfigurationList = 453FCADD2583AD6B00BB415C /* Build configuration list for PBXNativeTarget "OpenGL004" */;
			buildPhases = (
				453FCAC02583AD6900BB415C /* Sources */,
				453FCAC12583AD6900BB415C /* Frameworks */,
				453FCAC22583AD6900BB415C /* Resources */,
			);
			buildRules = (
			);
			dependencies = (
			);
			name = OpenGL004;
			productName = OpenGL004;
			productReference = 453FCAC42583AD6900BB415C /* OpenGL004.app */;
			productType = "com.apple.product-type.application";
		};
/* End PBXNativeTarget section */

/* Begin PBXProject section */
		453FCABC2583AD6900BB415C /* Project object */ = {
			isa = PBXProject;
			attributes = {
				LastUpgradeCheck = 1200;
				TargetAttributes = {
					453FCAC32583AD6900BB415C = {
						CreatedOnToolsVersion = 12.0;
					};
				};
			};
			buildConfigurationList = 453FCABF2583AD6900BB415C /* Build configuration list for PBXProject "OpenGL004" */;
			compatibilityVersion = "Xcode 9.3";
			developmentRegion = en;
			hasScannedForEncodings = 0;
			knownRegions = (
				en,
				Base,
			);
			mainGroup = 453FCABB2583AD6900BB415C;
			productRefGroup = 453FCAC52583AD6900BB415C /* Products */;
			projectDirPath = "";
			projectRoot = "";
			targets = (
				453FCAC32583AD6900BB415C /* OpenGL004 */,
			);
		};
/* End PBXProject section */

/* Begin PBXResourcesBuildPhase section */
		453FCAC22583AD6900BB415C /* Resources */ = {
			isa = PBXResourcesBuildPhase;
			buildActionMask = 2147483647;
			files = (
				455F448C25B3196A0043CB20 /* flower.jpg in Resources */,
				455F448725B311670043CB20 /* rectangle.vs in Resources */,
				455F448525B311670043CB20 /* rectangle.fs in Resources */,
				453FCAD72583AD6B00BB415C /* LaunchScreen.storyboard in Resources */,
				453FCAD42583AD6B00BB415C /* Assets.xcassets in Resources */,
				453FCAD22583AD6900BB415C /* Main.storyboard in Resources */,
			);
			runOnlyForDeploymentPostprocessing = 0;
		};
/* End PBXResourcesBuildPhase section */

/* Begin PBXSourcesBuildPhase section */
		453FCAC02583AD6900BB415C /* Sources */ = {
			isa = PBXSourcesBuildPhase;
			buildActionMask = 2147483647;
			files = (
				455F448825B311670043CB20 /* ZFShader.m in Sources */,
				453FCAC92583AD6900BB415C /* AppDelegate.m in Sources */,
				455F447925B310F30043CB20 /* OpenGLViewController.m in Sources */,
				453FCADA2583AD6B00BB415C /* main.m in Sources */,
			);
			runOnlyForDeploymentPostprocessing = 0;
		};
/* End PBXSourcesBuildPhase section */

/* Begin PBXVariantGroup section */
		453FCAD02583AD6900BB415C /* Main.storyboard */ = {
			isa = PBXVariantGroup;
			children = (
				453FCAD12583AD6900BB415C /* Base */,
			);
			name = Main.storyboard;
			sourceTree = "<group>";
		};
		453FCAD52583AD6B00BB415C /* LaunchScreen.storyboard */ = {
			isa = PBXVariantGroup;
			children = (
				453FCAD62583AD6B00BB415C /* Base */,
			);
			name = LaunchScreen.storyboard;
			sourceTree = "<group>";
		};
/* End PBXVariantGroup section */

/* Begin XCBuildConfiguration section */
		453FCADB2583AD6B00BB415C /* Debug */ = {
			isa = XCBuildConfiguration;
			buildSettings = {
				ALWAYS_SEARCH_USER_PATHS = NO;
				CLANG_ANALYZER_NONNULL = YES;
				CLANG_ANALYZER_NUMBER_OBJECT_CONVERSION = YES_AGGRESSIVE;
				CLANG_CXX_LANGUAGE_STANDARD = "gnu++14";
				CLANG_CXX_LIBRARY = "libc++";
				CLANG_ENABLE_MODULES = YES;
				CLANG_ENABLE_OBJC_ARC = YES;
				CLANG_ENABLE_OBJC_WEAK = YES;
				CLANG_WARN_BLOCK_CAPTURE_AUTORELEASING = YES;
				CLANG_WARN_BOOL_CONVERSION = YES;
				CLANG_WARN_COMMA = YES;
				CLANG_WARN_CONSTANT_CONVERSION = YES;
				CLANG_WARN_DEPRECATED_OBJC_IMPLEMENTATIONS = YES;
				CLANG_WARN_DIRECT_OBJC_ISA_USAGE = YES_ERROR;
				CLANG_WARN_DOCUMENTATION_COMMENTS = YES;
				CLANG_WARN_EMPTY_BODY = YES;
				CLANG_WARN_ENUM_CONVERSION = YES;
				CLANG_WARN_INFINITE_RECURSION = YES;
				CLANG_WARN_INT_CONVERSION = YES;
				CLANG_WARN_NON_LITERAL_NULL_CONVERSION = YES;
				CLANG_WARN_OBJC_IMPLICIT_RETAIN_SELF = YES;
				CLANG_WARN_OBJC_LITERAL_CONVERSION = YES;
				CLANG_WARN_OBJC_ROOT_CLASS = YES_ERROR;
				CLANG_WARN_QUOTED_INCLUDE_IN_FRAMEWORK_HEADER = YES;
				CLANG_WARN_RANGE_LOOP_ANALYSIS = YES;
				CLANG_WARN_STRICT_PROTOTYPES = YES;
				CLANG_WARN_SUSPICIOUS_MOVE = YES;
				CLANG_WARN_UNGUARDED_AVAILABILITY = YES_AGGRESSIVE;
				CLANG_WARN_UNREACHABLE_CODE = YES;
				CLANG_WARN__DUPLICATE_METHOD_MATCH = YES;
				COPY_PHASE_STRIP = NO;
				DEBUG_INFORMATION_FORMAT = dwarf;
				ENABLE_STRICT_OBJC_MSGSEND = YES;
				ENABLE_TESTABILITY = YES;
				GCC_C_LANGUAGE_STANDARD = gnu11;
				GCC_DYNAMIC_NO_PIC = NO;
				GCC_NO_COMMON_BLOCKS = YES;
				GCC_OPTIMIZATION_LEVEL = 0;
				GCC_PREPROCESSOR_DEFINITIONS = (
					"DEBUG=1",
					"$(inherited)",
				);
				GCC_WARN_64_TO_32_BIT_CONVERSION = YES;
				GCC_WARN_ABOUT_RETURN_TYPE = YES_ERROR;
				GCC_WARN_UNDECLARED_SELECTOR = YES;
				GCC_WARN_UNINITIALIZED_AUTOS = YES_AGGRESSIVE;
				GCC_WARN_UNUSED_FUNCTION = YES;
				GCC_WARN_UNUSED_VARIABLE = YES;
				IPHONEOS_DEPLOYMENT_TARGET = 9.0;
				MTL_ENABLE_DEBUG_INFO = INCLUDE_SOURCE;
				MTL_FAST_MATH = YES;
				ONLY_ACTIVE_ARCH = YES;
				SDKROOT = iphoneos;
			};
			name = Debug;
		};
		453FCADC2583AD6B00BB415C /* Release */ = {
			isa = XCBuildConfiguration;
			buildSettings = {
				ALWAYS_SEARCH_USER_PATHS = NO;
				CLANG_ANALYZER_NONNULL = YES;
				CLANG_ANALYZER_NUMBER_OBJECT_CONVERSION = YES_AGGRESSIVE;
				CLANG_CXX_LANGUAGE_STANDARD = "gnu++14";
				CLANG_CXX_LIBRARY = "libc++";
				CLANG_ENABLE_MODULES = YES;
				CLANG_ENABLE_OBJC_ARC = YES;
				CLANG_ENABLE_OBJC_WEAK = YES;
				CLANG_WARN_BLOCK_CAPTURE_AUTORELEASING = YES;
				CLANG_WARN_BOOL_CONVERSION = YES;
				CLANG_WARN_COMMA = YES;
				CLANG_WARN_CONSTANT_CONVERSION = YES;
				CLANG_WARN_DEPRECATED_OBJC_IMPLEMENTATIONS = YES;
				CLANG_WARN_DIRECT_OBJC_ISA_USAGE = YES_ERROR;
				CLANG_WARN_DOCUMENTATION_COMMENTS = YES;
				CLANG_WARN_EMPTY_BODY = YES;
				CLANG_WARN_ENUM_CONVERSION = YES;
				CLANG_WARN_INFINITE_RECURSION = YES;
				CLANG_WARN_INT_CONVERSION = YES;
				CLANG_WARN_NON_LITERAL_NULL_CONVERSION = YES;
				CLANG_WARN_OBJC_IMPLICIT_RETAIN_SELF = YES;
				CLANG_WARN_OBJC_LITERAL_CONVERSION = YES;
				CLANG_WARN_OBJC_ROOT_CLASS = YES_ERROR;
				CLANG_WARN_QUOTED_INCLUDE_IN_FRAMEWORK_HEADER = YES;
				CLANG_WARN_RANGE_LOOP_ANALYSIS = YES;
				CLANG_WARN_STRICT_PROTOTYPES = YES;
				CLANG_WARN_SUSPICIOUS_MOVE = YES;
				CLANG_WARN_UNGUARDED_AVAILABILITY = YES_AGGRESSIVE;
				CLANG_WARN_UNREACHABLE_CODE = YES;
				CLANG_WARN__DUPLICATE_METHOD_MATCH = YES;
				COPY_PHASE_STRIP = NO;
				DEBUG_INFORMATION_FORMAT = "dwarf-with-dsym";
				ENABLE_NS_ASSERTIONS = NO;
				ENABLE_STRICT_OBJC_MSGSEND = YES;
				GCC_C_LANGUAGE_STANDARD = gnu11;
				GCC_NO_COMMON_BLOCKS = YES;
				GCC_WARN_64_TO_32_BIT_CONVERSION = YES;
				GCC_WARN_ABOUT_RETURN_TYPE = YES_ERROR;
				GCC_WARN_UNDECLARED_SELECTOR = YES;
				GCC_WARN_UNINITIALIZED_AUTOS = YES_AGGRESSIVE;
				GCC_WARN_UNUSED_FUNCTION = YES;
				GCC_WARN_UNUSED_VARIABLE = YES;
				IPHONEOS_DEPLOYMENT_TARGET = 9.0;
				MTL_ENABLE_DEBUG_INFO = NO;
				MTL_FAST_MATH = YES;
				SDKROOT = iphoneos;
				VALIDATE_PRODUCT = YES;
			};
			name = Release;
		};
		453FCADE2583AD6B00BB415C /* Debug */ = {
			isa = XCBuildConfiguration;
			buildSettings = {
				ASSETCATALOG_COMPILER_APPICON_NAME = AppIcon;
				ASSETCATALOG_COMPILER_GLOBAL_ACCENT_COLOR_NAME = AccentColor;
				CODE_SIGN_STYLE = Automatic;
				DEVELOPMENT_TEAM = 356ESZ72J9;
				INFOPLIST_FILE = OpenGL004/Info.plist;
				IPHONEOS_DEPLOYMENT_TARGET = 9.0;
				LD_RUNPATH_SEARCH_PATHS = (
					"$(inherited)",
					"@executable_path/Frameworks",
				);
				PRODUCT_BUNDLE_IDENTIFIER = ZF.OpenGL004;
				PRODUCT_NAME = "$(TARGET_NAME)";
				TARGETED_DEVICE_FAMILY = "1,2";
			};
			name = Debug;
		};
		453FCADF2583AD6B00BB415C /* Release */ = {
			isa = XCBuildConfiguration;
			buildSettings = {
				ASSETCATALOG_COMPILER_APPICON_NAME = AppIcon;
				ASSETCATALOG_COMPILER_GLOBAL_ACCENT_COLOR_NAME = AccentColor;
				CODE_SIGN_STYLE = Automatic;
				DEVELOPMENT_TEAM = 356ESZ72J9;
				INFOPLIST_FILE = OpenGL004/Info.plist;
				IPHONEOS_DEPLOYMENT_TARGET = 9.0;
				LD_RUNPATH_SEARCH_PATHS = (
					"$(inherited)",
					"@executable_path/Frameworks",
				);
				PRODUCT_BUNDLE_IDENTIFIER = ZF.OpenGL004;
				PRODUCT_NAME = "$(TARGET_NAME)";
				TARGETED_DEVICE_FAMILY = "1,2";
			};
			name = Release;
		};
/* End XCBuildConfiguration section */

/* Begin XCConfigurationList section */
		453FCABF2583AD6900BB415C /* Build configuration list for PBXProject "OpenGL004" */ = {
			isa = XCConfigurationList;
			buildConfigurations = (
				453FCADB2583AD6B00BB415C /* Debug */,
				453FCADC2583AD6B00BB415C /* Release */,
			);
			defaultConfigurationIsVisible = 0;
			defaultConfigurationName = Release;
		};
		453FCADD2583AD6B00BB415C /* Build configuration list for PBXNativeTarget "OpenGL004" */ = {
			isa = XCConfigurationList;
			buildConfigurations = (
				453FCADE2583AD6B00BB415C /* Debug */,
				453FCADF2583AD6B00BB415C /* Release */,
			);
			defaultConfigurationIsVisible = 0;
			defaultConfigurationName = Release;
		};
/* End XCConfigurationList section */
	};
	rootObject = 453FCABC2583AD6900BB415C /* Project object */;
}
